{
  "_comment": "Pinned package versions for reproducible sealed image builds. Update with: image/update-lock.sh",
  "packages": {
    "shim-signed": {
      "url": "http://archive.ubuntu.com/ubuntu/pool/main/s/shim-signed/shim-signed_1.58+15.8-0ubuntu1_amd64.deb",
      "sha256": "UPDATE_ME"
    },
    "grub-efi-amd64-signed": {
      "url": "http://archive.ubuntu.com/ubuntu/pool/main/g/grub2-signed/grub-efi-amd64-signed_1.202.5+2.12-1ubuntu7.3_amd64.deb",
      "sha256": "UPDATE_ME"
    },
    "linux-image": {
      "url": "http://archive.ubuntu.com/ubuntu/pool/main/l/linux-azure/linux-image-6.17.0-1010-azure_6.17.0-1010.10~24.04.1_amd64.deb",
      "sha256": "UPDATE_ME"
    },
    "linux-modules": {
      "url": "http://archive.ubuntu.com/ubuntu/pool/main/l/linux-azure/linux-modules-6.17.0-1010-azure_6.17.0-1010.10~24.04.1_amd64.deb",
      "sha256": "UPDATE_ME"
    },
    "busybox-static": {
      "url": "http://archive.ubuntu.com/ubuntu/pool/universe/b/busybox/busybox-static_1.36.1-6ubuntu3.1_amd64.deb",
      "sha256": "UPDATE_ME"
    },
    "ca-certificates": {
      "url": "http://archive.ubuntu.com/ubuntu/pool/main/c/ca-certificates/ca-certificates_20240203_all.deb",
      "sha256": "UPDATE_ME"
    }
  }
}
